
Microsoft Visual Studio Solution File, Format Version 12.00
# Visual Studio 2012
Project("{8BC9CEB8-8B4A-11D0-8D11-00A0C91BC942}") = "ThreadPool", "ThreadPool.vcxproj", "{62676DC4-53E6-489B-8A84-A4797AABA0EA}"
EndProject
Global
	GlobalSection(SolutionConfigurationPlatforms) = preSolution
		Debug|Win32 = Debug|Win32
		Release|Win32 = Release|Win32
	EndGlobalSection
	GlobalSection(ProjectConfigurationPlatforms) = postSolution
		{62676DC4-53E6-489B-8A84-A4797AABA0EA}.Debug|Win32.ActiveCfg = Debug|Win32
		{62676DC4-53E6-489B-8A84-A4797AABA0EA}.Debug|Win32.Build.0 = Debug|Win32
		{62676DC4-53E6-489B-8A84-A4797AABA0EA}.Release|Win32.ActiveCfg = Release|Win32
		{62676DC4-53E6-489B-8A84-A4797AABA0EA}.Release|Win32.Build.0 = Release|Win32
	EndGlobalSection
	GlobalSection(SolutionProperties) = preSolution
		HideSolutionNode = FALSE
	EndGlobalSection
EndGlobal
